
Microsoft Visual Studio Solution File, Format Version 12.00
# Visual Studio Version 17
VisualStudioVersion = 17.14.36429.23 d17.14
MinimumVisualStudioVersion = 10.0.40219.1
Project("{FAE04EC0-301F-11D3-BF4B-00C04F79EFBC}") = "server", "server.csproj", "{DA403A9D-055B-44F3-ADF8-A8A57F503BB4}"
EndProject
Global
	GlobalSection(SolutionConfigurationPlatforms) = preSolution
		Debug|Any CPU = Debug|Any CPU
		Release|Any CPU = Release|Any CPU
	EndGlobalSection
	GlobalSection(ProjectConfigurationPlatforms) = postSolution
		{DA403A9D-055B-44F3-ADF8-A8A57F503BB4}.Debug|Any CPU.ActiveCfg = Debug|Any CPU
		{DA403A9D-055B-44F3-ADF8-A8A57F503BB4}.Debug|Any CPU.Build.0 = Debug|Any CPU
		{DA403A9D-055B-44F3-ADF8-A8A57F503BB4}.Release|Any CPU.ActiveCfg = Release|Any CPU
		{DA403A9D-055B-44F3-ADF8-A8A57F503BB4}.Release|Any CPU.Build.0 = Release|Any CPU
	EndGlobalSection
	GlobalSection(SolutionProperties) = preSolution
		HideSolutionNode = FALSE
	EndGlobalSection
	GlobalSection(ExtensibilityGlobals) = postSolution
		SolutionGuid = {EAC4DC94-79D1-4DB3-A25C-7A9072EA22F5}
	EndGlobalSection
EndGlobal
